// !$*UTF8*$!
{
	archiveVersion = 1;
	classes = {
	};
	objectVersion = 56;
	objects = {

/* Begin PBXBuildFile section */
		41C510C70244613BB800C228 /* Pods_spaceXSwiftUI.framework in Frameworks */ = {isa = PBXBuildFile; fileRef = A79CF428D0C6BA0EC44B5859 /* Pods_spaceXSwiftUI.framework */; };
		9A5D0DA829271623003247D9 /* MissionDetailView.swift in Sources */ = {isa = PBXBuildFile; fileRef = 9A5D0DA729271623003247D9 /* MissionDetailView.swift */; };
		9A5D0DAA292718B8003247D9 /* Mission.swift in Sources */ = {isa = PBXBuildFile; fileRef = 9A5D0DA9292718B8003247D9 /* Mission.swift */; };
		9A63D4782936711A00537CD9 /* MissionRow.swift in Sources */ = {isa = PBXBuildFile; fileRef = 9A63D4772936711A00537CD9 /* MissionRow.swift */; };
		9A787394292807A500D3FB90 /* RepositoryProtocol.swift in Sources */ = {isa = PBXBuildFile; fileRef = 9A787393292807A500D3FB90 /* RepositoryProtocol.swift */; };
		9A7873962928086800D3FB90 /* LaunchesAPIRepository.swift in Sources */ = {isa = PBXBuildFile; fileRef = 9A7873952928086800D3FB90 /* LaunchesAPIRepository.swift */; };
		9A787398292809BB00D3FB90 /* Constants.swift in Sources */ = {isa = PBXBuildFile; fileRef = 9A787397292809BB00D3FB90 /* Constants.swift */; };
		9AFAFED02925EA39001C378F /* spaceXSwiftUIApp.swift in Sources */ = {isa = PBXBuildFile; fileRef = 9AFAFECF2925EA39001C378F /* spaceXSwiftUIApp.swift */; };
		9AFAFED22925EA39001C378F /* MissionList.swift in Sources */ = {isa = PBXBuildFile; fileRef = 9AFAFED12925EA39001C378F /* MissionList.swift */; };
		9AFAFED42925EA3E001C378F /* Assets.xcassets in Resources */ = {isa = PBXBuildFile; fileRef = 9AFAFED32925EA3E001C378F /* Assets.xcassets */; };
		9AFAFED72925EA3E001C378F /* Preview Assets.xcassets in Resources */ = {isa = PBXBuildFile; fileRef = 9AFAFED62925EA3E001C378F /* Preview Assets.xcassets */; };
/* End PBXBuildFile section */

/* Begin PBXFileReference section */
		604C17EA1F3D61CA6C9347FF /* Pods-spaceXSwiftUI.debug.xcconfig */ = {isa = PBXFileReference; includeInIndex = 1; lastKnownFileType = text.xcconfig; name = "Pods-spaceXSwiftUI.debug.xcconfig"; path = "Target Support Files/Pods-spaceXSwiftUI/Pods-spaceXSwiftUI.debug.xcconfig"; sourceTree = "<group>"; };
		9A5D0DA729271623003247D9 /* MissionDetailView.swift */ = {isa = PBXFileReference; lastKnownFileType = sourcecode.swift; path = MissionDetailView.swift; sourceTree = "<group>"; };
		9A5D0DA9292718B8003247D9 /* Mission.swift */ = {isa = PBXFileReference; lastKnownFileType = sourcecode.swift; path = Mission.swift; sourceTree = "<group>"; };
		9A63D4772936711A00537CD9 /* MissionRow.swift */ = {isa = PBXFileReference; lastKnownFileType = sourcecode.swift; path = MissionRow.swift; sourceTree = "<group>"; };
		9A787393292807A500D3FB90 /* RepositoryProtocol.swift */ = {isa = PBXFileReference; lastKnownFileType = sourcecode.swift; path = RepositoryProtocol.swift; sourceTree = "<group>"; };
		9A7873952928086800D3FB90 /* LaunchesAPIRepository.swift */ = {isa = PBXFileReference; lastKnownFileType = sourcecode.swift; path = LaunchesAPIRepository.swift; sourceTree = "<group>"; };
		9A787397292809BB00D3FB90 /* Constants.swift */ = {isa = PBXFileReference; lastKnownFileType = sourcecode.swift; path = Constants.swift; sourceTree = "<group>"; };
		9AFAFECC2925EA39001C378F /* spaceXSwiftUI.app */ = {isa = PBXFileReference; explicitFileType = wrapper.application; includeInIndex = 0; path = spaceXSwiftUI.app; sourceTree = BUILT_PRODUCTS_DIR; };
		9AFAFECF2925EA39001C378F /* spaceXSwiftUIApp.swift */ = {isa = PBXFileReference; lastKnownFileType = sourcecode.swift; path = spaceXSwiftUIApp.swift; sourceTree = "<group>"; };
		9AFAFED12925EA39001C378F /* MissionList.swift */ = {isa = PBXFileReference; lastKnownFileType = sourcecode.swift; path = MissionList.swift; sourceTree = "<group>"; };
		9AFAFED32925EA3E001C378F /* Assets.xcassets */ = {isa = PBXFileReference; lastKnownFileType = folder.assetcatalog; path = Assets.xcassets; sourceTree = "<group>"; };
		9AFAFED62925EA3E001C378F /* Preview Assets.xcassets */ = {isa = PBXFileReference; lastKnownFileType = folder.assetcatalog; path = "Preview Assets.xcassets"; sourceTree = "<group>"; };
		A79CF428D0C6BA0EC44B5859 /* Pods_spaceXSwiftUI.framework */ = {isa = PBXFileReference; explicitFileType = wrapper.framework; includeInIndex = 0; path = Pods_spaceXSwiftUI.framework; sourceTree = BUILT_PRODUCTS_DIR; };
		BAE3CD80FF8031DFBDB9EA72 /* Pods-spaceXSwiftUI.release.xcconfig */ = {isa = PBXFileReference; includeInIndex = 1; lastKnownFileType = text.xcconfig; name = "Pods-spaceXSwiftUI.release.xcconfig"; path = "Target Support Files/Pods-spaceXSwiftUI/Pods-spaceXSwiftUI.release.xcconfig"; sourceTree = "<group>"; };
/* End PBXFileReference section */

/* Begin PBXFrameworksBuildPhase section */
		9AFAFEC92925EA39001C378F /* Frameworks */ = {
			isa = PBXFrameworksBuildPhase;
			buildActionMask = 2147483647;
			files = (
				41C510C70244613BB800C228 /* Pods_spaceXSwiftUI.framework in Frameworks */,
			);
			runOnlyForDeploymentPostprocessing = 0;
		};
/* End PBXFrameworksBuildPhase section */

/* Begin PBXGroup section */
		3A84C9765D9F38E8F8C3D367 /* Pods */ = {
			isa = PBXGroup;
			children = (
				604C17EA1F3D61CA6C9347FF /* Pods-spaceXSwiftUI.debug.xcconfig */,
				BAE3CD80FF8031DFBDB9EA72 /* Pods-spaceXSwiftUI.release.xcconfig */,
			);
			path = Pods;
			sourceTree = "<group>";
		};
		9A63D476293670CA00537CD9 /* Row */ = {
			isa = PBXGroup;
			children = (
				9A63D4772936711A00537CD9 /* MissionRow.swift */,
			);
			path = Row;
			sourceTree = "<group>";
		};
		9A63D4792936C28A00537CD9 /* Elements */ = {
			isa = PBXGroup;
			children = (
			);
			path = Elements;
			sourceTree = "<group>";
		};
		9A787390292805F500D3FB90 /* Repository */ = {
			isa = PBXGroup;
			children = (
				9A7873922928061B00D3FB90 /* Repositories */,
				9A7873912928060C00D3FB90 /* Protocols */,
			);
			path = Repository;
			sourceTree = "<group>";
		};
		9A7873912928060C00D3FB90 /* Protocols */ = {
			isa = PBXGroup;
			children = (
				9A787393292807A500D3FB90 /* RepositoryProtocol.swift */,
			);
			path = Protocols;
			sourceTree = "<group>";
		};
		9A7873922928061B00D3FB90 /* Repositories */ = {
			isa = PBXGroup;
			children = (
				9A7873952928086800D3FB90 /* LaunchesAPIRepository.swift */,
			);
			path = Repositories;
			sourceTree = "<group>";
		};
		9AFAFEC32925EA39001C378F = {
			isa = PBXGroup;
			children = (
				9AFAFECE2925EA39001C378F /* spaceXSwiftUI */,
				9AFAFECD2925EA39001C378F /* Products */,
				3A84C9765D9F38E8F8C3D367 /* Pods */,
				9DFABC40E905493EA918FCAE /* Frameworks */,
			);
			sourceTree = "<group>";
		};
		9AFAFECD2925EA39001C378F /* Products */ = {
			isa = PBXGroup;
			children = (
				9AFAFECC2925EA39001C378F /* spaceXSwiftUI.app */,
			);
			name = Products;
			sourceTree = "<group>";
		};
		9AFAFECE2925EA39001C378F /* spaceXSwiftUI */ = {
			isa = PBXGroup;
			children = (
				9AFAFEDD2925EAA9001C378F /* App */,
				9A787390292805F500D3FB90 /* Repository */,
				9AFAFEDE2925EABE001C378F /* Models */,
				9AFAFEDF2925EAC5001C378F /* Views */,
			);
			path = spaceXSwiftUI;
			sourceTree = "<group>";
		};
		9AFAFED52925EA3E001C378F /* Preview Content */ = {
			isa = PBXGroup;
			children = (
				9AFAFED62925EA3E001C378F /* Preview Assets.xcassets */,
			);
			path = "Preview Content";
			sourceTree = "<group>";
		};
		9AFAFEDD2925EAA9001C378F /* App */ = {
			isa = PBXGroup;
			children = (
				9AFAFECF2925EA39001C378F /* spaceXSwiftUIApp.swift */,
				9AFAFED32925EA3E001C378F /* Assets.xcassets */,
				9AFAFED52925EA3E001C378F /* Preview Content */,
				9A787397292809BB00D3FB90 /* Constants.swift */,
			);
			path = App;
			sourceTree = "<group>";
		};
		9AFAFEDE2925EABE001C378F /* Models */ = {
			isa = PBXGroup;
			children = (
				9A5D0DA9292718B8003247D9 /* Mission.swift */,
			);
			path = Models;
			sourceTree = "<group>";
		};
		9AFAFEDF2925EAC5001C378F /* Views */ = {
			isa = PBXGroup;
			children = (
				9A63D4792936C28A00537CD9 /* Elements */,
				9A63D476293670CA00537CD9 /* Row */,
				9AFAFED12925EA39001C378F /* MissionList.swift */,
				9A5D0DA729271623003247D9 /* MissionDetailView.swift */,
			);
			path = Views;
			sourceTree = "<group>";
		};
		9DFABC40E905493EA918FCAE /* Frameworks */ = {
			isa = PBXGroup;
			children = (
				A79CF428D0C6BA0EC44B5859 /* Pods_spaceXSwiftUI.framework */,
			);
			name = Frameworks;
			sourceTree = "<group>";
		};
/* End PBXGroup section */

/* Begin PBXNativeTarget section */
		9AFAFECB2925EA39001C378F /* spaceXSwiftUI */ = {
			isa = PBXNativeTarget;
			buildConfigurationList = 9AFAFEDA2925EA3E001C378F /* Build configuration list for PBXNativeTarget "spaceXSwiftUI" */;
			buildPhases = (
				23B714275EA601428A81CA51 /* [CP] Check Pods Manifest.lock */,
				9AFAFEC82925EA39001C378F /* Sources */,
				9AFAFEC92925EA39001C378F /* Frameworks */,
				9AFAFECA2925EA39001C378F /* Resources */,
				0B8E977FEB5387B2B2F75CF6 /* [CP] Embed Pods Frameworks */,
			);
			buildRules = (
			);
			dependencies = (
			);
			name = spaceXSwiftUI;
			productName = spaceXSwiftUI;
			productReference = 9AFAFECC2925EA39001C378F /* spaceXSwiftUI.app */;
			productType = "com.apple.product-type.application";
		};
/* End PBXNativeTarget section */

/* Begin PBXProject section */
		9AFAFEC42925EA39001C378F /* Project object */ = {
			isa = PBXProject;
			attributes = {
				BuildIndependentTargetsInParallel = 1;
				LastSwiftUpdateCheck = 1410;
				LastUpgradeCheck = 1410;
				TargetAttributes = {
					9AFAFECB2925EA39001C378F = {
						CreatedOnToolsVersion = 14.1;
					};
				};
			};
			buildConfigurationList = 9AFAFEC72925EA39001C378F /* Build configuration list for PBXProject "spaceXSwiftUI" */;
			compatibilityVersion = "Xcode 14.0";
			developmentRegion = en;
			hasScannedForEncodings = 0;
			knownRegions = (
				en,
				Base,
			);
			mainGroup = 9AFAFEC32925EA39001C378F;
			productRefGroup = 9AFAFECD2925EA39001C378F /* Products */;
			projectDirPath = "";
			projectRoot = "";
			targets = (
				9AFAFECB2925EA39001C378F /* spaceXSwiftUI */,
			);
		};
/* End PBXProject section */

/* Begin PBXResourcesBuildPhase section */
		9AFAFECA2925EA39001C378F /* Resources */ = {
			isa = PBXResourcesBuildPhase;
			buildActionMask = 2147483647;
			files = (
				9AFAFED72925EA3E001C378F /* Preview Assets.xcassets in Resources */,
				9AFAFED42925EA3E001C378F /* Assets.xcassets in Resources */,
			);
			runOnlyForDeploymentPostprocessing = 0;
		};
/* End PBXResourcesBuildPhase section */

/* Begin PBXShellScriptBuildPhase section */
		0B8E977FEB5387B2B2F75CF6 /* [CP] Embed Pods Frameworks */ = {
			isa = PBXShellScriptBuildPhase;
			buildActionMask = 2147483647;
			files = (
			);
			inputFileListPaths = (
				"${PODS_ROOT}/Target Support Files/Pods-spaceXSwiftUI/Pods-spaceXSwiftUI-frameworks-${CONFIGURATION}-input-files.xcfilelist",
			);
			name = "[CP] Embed Pods Frameworks";
			outputFileListPaths = (
				"${PODS_ROOT}/Target Support Files/Pods-spaceXSwiftUI/Pods-spaceXSwiftUI-frameworks-${CONFIGURATION}-output-files.xcfilelist",
			);
			runOnlyForDeploymentPostprocessing = 0;
			shellPath = /bin/sh;
			shellScript = "\"${PODS_ROOT}/Target Support Files/Pods-spaceXSwiftUI/Pods-spaceXSwiftUI-frameworks.sh\"\n";
			showEnvVarsInLog = 0;
		};
		23B714275EA601428A81CA51 /* [CP] Check Pods Manifest.lock */ = {
			isa = PBXShellScriptBuildPhase;
			buildActionMask = 2147483647;
			files = (
			);
			inputFileListPaths = (
			);
			inputPaths = (
				"${PODS_PODFILE_DIR_PATH}/Podfile.lock",
				"${PODS_ROOT}/Manifest.lock",
			);
			name = "[CP] Check Pods Manifest.lock";
			outputFileListPaths = (
			);
			outputPaths = (
				"$(DERIVED_FILE_DIR)/Pods-spaceXSwiftUI-checkManifestLockResult.txt",
			);
			runOnlyForDeploymentPostprocessing = 0;
			shellPath = /bin/sh;
			shellScript = "diff \"${PODS_PODFILE_DIR_PATH}/Podfile.lock\" \"${PODS_ROOT}/Manifest.lock\" > /dev/null\nif [ $? != 0 ] ; then\n    # print error to STDERR\n    echo \"error: The sandbox is not in sync with the Podfile.lock. Run 'pod install' or update your CocoaPods installation.\" >&2\n    exit 1\nfi\n# This output is used by Xcode 'outputs' to avoid re-running this script phase.\necho \"SUCCESS\" > \"${SCRIPT_OUTPUT_FILE_0}\"\n";
			showEnvVarsInLog = 0;
		};
/* End PBXShellScriptBuildPhase section */

/* Begin PBXSourcesBuildPhase section */
		9AFAFEC82925EA39001C378F /* Sources */ = {
			isa = PBXSourcesBuildPhase;
			buildActionMask = 2147483647;
			files = (
				9AFAFED22925EA39001C378F /* MissionList.swift in Sources */,
				9AFAFED02925EA39001C378F /* spaceXSwiftUIApp.swift in Sources */,
				9A5D0DAA292718B8003247D9 /* Mission.swift in Sources */,
				9A63D4782936711A00537CD9 /* MissionRow.swift in Sources */,
				9A5D0DA829271623003247D9 /* MissionDetailView.swift in Sources */,
				9A787394292807A500D3FB90 /* RepositoryProtocol.swift in Sources */,
				9A7873962928086800D3FB90 /* LaunchesAPIRepository.swift in Sources */,
				9A787398292809BB00D3FB90 /* Constants.swift in Sources */,
			);
			runOnlyForDeploymentPostprocessing = 0;
		};
/* End PBXSourcesBuildPhase section */

/* Begin XCBuildConfiguration section */
		9AFAFED82925EA3E001C378F /* Debug */ = {
			isa = XCBuildConfiguration;
			buildSettings = {
				ALWAYS_SEARCH_USER_PATHS = NO;
				CLANG_ANALYZER_NONNULL = YES;
				CLANG_ANALYZER_NUMBER_OBJECT_CONVERSION = YES_AGGRESSIVE;
				CLANG_CXX_LANGUAGE_STANDARD = "gnu++20";
				CLANG_ENABLE_MODULES = YES;
				CLANG_ENABLE_OBJC_ARC = YES;
				CLANG_ENABLE_OBJC_WEAK = YES;
				CLANG_WARN_BLOCK_CAPTURE_AUTORELEASING = YES;
				CLANG_WARN_BOOL_CONVERSION = YES;
				CLANG_WARN_COMMA = YES;
				CLANG_WARN_CONSTANT_CONVERSION = YES;
				CLANG_WARN_DEPRECATED_OBJC_IMPLEMENTATIONS = YES;
				CLANG_WARN_DIRECT_OBJC_ISA_USAGE = YES_ERROR;
				CLANG_WARN_DOCUMENTATION_COMMENTS = YES;
				CLANG_WARN_EMPTY_BODY = YES;
				CLANG_WARN_ENUM_CONVERSION = YES;
				CLANG_WARN_INFINITE_RECURSION = YES;
				CLANG_WARN_INT_CONVERSION = YES;
				CLANG_WARN_NON_LITERAL_NULL_CONVERSION = YES;
				CLANG_WARN_OBJC_IMPLICIT_RETAIN_SELF = YES;
				CLANG_WARN_OBJC_LITERAL_CONVERSION = YES;
				CLANG_WARN_OBJC_ROOT_CLASS = YES_ERROR;
				CLANG_WARN_QUOTED_INCLUDE_IN_FRAMEWORK_HEADER = YES;
				CLANG_WARN_RANGE_LOOP_ANALYSIS = YES;
				CLANG_WARN_STRICT_PROTOTYPES = YES;
				CLANG_WARN_SUSPICIOUS_MOVE = YES;
				CLANG_WARN_UNGUARDED_AVAILABILITY = YES_AGGRESSIVE;
				CLANG_WARN_UNREACHABLE_CODE = YES;
				CLANG_WARN__DUPLICATE_METHOD_MATCH = YES;
				COPY_PHASE_STRIP = NO;
				DEBUG_INFORMATION_FORMAT = dwarf;
				ENABLE_STRICT_OBJC_MSGSEND = YES;
				ENABLE_TESTABILITY = YES;
				GCC_C_LANGUAGE_STANDARD = gnu11;
				GCC_DYNAMIC_NO_PIC = NO;
				GCC_NO_COMMON_BLOCKS = YES;
				GCC_OPTIMIZATION_LEVEL = 0;
				GCC_PREPROCESSOR_DEFINITIONS = (
					"DEBUG=1",
					"$(inherited)",
				);
				GCC_WARN_64_TO_32_BIT_CONVERSION = YES;
				GCC_WARN_ABOUT_RETURN_TYPE = YES_ERROR;
				GCC_WARN_UNDECLARED_SELECTOR = YES;
				GCC_WARN_UNINITIALIZED_AUTOS = YES_AGGRESSIVE;
				GCC_WARN_UNUSED_FUNCTION = YES;
				GCC_WARN_UNUSED_VARIABLE = YES;
				IPHONEOS_DEPLOYMENT_TARGET = 16.1;
				MTL_ENABLE_DEBUG_INFO = INCLUDE_SOURCE;
				MTL_FAST_MATH = YES;
				ONLY_ACTIVE_ARCH = YES;
				SDKROOT = iphoneos;
				SWIFT_ACTIVE_COMPILATION_CONDITIONS = DEBUG;
				SWIFT_OPTIMIZATION_LEVEL = "-Onone";
			};
			name = Debug;
		};
		9AFAFED92925EA3E001C378F /* Release */ = {
			isa = XCBuildConfiguration;
			buildSettings = {
				ALWAYS_SEARCH_USER_PATHS = NO;
				CLANG_ANALYZER_NONNULL = YES;
				CLANG_ANALYZER_NUMBER_OBJECT_CONVERSION = YES_AGGRESSIVE;
				CLANG_CXX_LANGUAGE_STANDARD = "gnu++20";
				CLANG_ENABLE_MODULES = YES;
				CLANG_ENABLE_OBJC_ARC = YES;
				CLANG_ENABLE_OBJC_WEAK = YES;
				CLANG_WARN_BLOCK_CAPTURE_AUTORELEASING = YES;
				CLANG_WARN_BOOL_CONVERSION = YES;
				CLANG_WARN_COMMA = YES;
				CLANG_WARN_CONSTANT_CONVERSION = YES;
				CLANG_WARN_DEPRECATED_OBJC_IMPLEMENTATIONS = YES;
				CLANG_WARN_DIRECT_OBJC_ISA_USAGE = YES_ERROR;
				CLANG_WARN_DOCUMENTATION_COMMENTS = YES;
				CLANG_WARN_EMPTY_BODY = YES;
				CLANG_WARN_ENUM_CONVERSION = YES;
				CLANG_WARN_INFINITE_RECURSION = YES;
				CLANG_WARN_INT_CONVERSION = YES;
				CLANG_WARN_NON_LITERAL_NULL_CONVERSION = YES;
				CLANG_WARN_OBJC_IMPLICIT_RETAIN_SELF = YES;
				CLANG_WARN_OBJC_LITERAL_CONVERSION = YES;
				CLANG_WARN_OBJC_ROOT_CLASS = YES_ERROR;
				CLANG_WARN_QUOTED_INCLUDE_IN_FRAMEWORK_HEADER = YES;
				CLANG_WARN_RANGE_LOOP_ANALYSIS = YES;
				CLANG_WARN_STRICT_PROTOTYPES = YES;
				CLANG_WARN_SUSPICIOUS_MOVE = YES;
				CLANG_WARN_UNGUARDED_AVAILABILITY = YES_AGGRESSIVE;
				CLANG_WARN_UNREACHABLE_CODE = YES;
				CLANG_WARN__DUPLICATE_METHOD_MATCH = YES;
				COPY_PHASE_STRIP = NO;
				DEBUG_INFORMATION_FORMAT = "dwarf-with-dsym";
				ENABLE_NS_ASSERTIONS = NO;
				ENABLE_STRICT_OBJC_MSGSEND = YES;
				GCC_C_LANGUAGE_STANDARD = gnu11;
				GCC_NO_COMMON_BLOCKS = YES;
				GCC_WARN_64_TO_32_BIT_CONVERSION = YES;
				GCC_WARN_ABOUT_RETURN_TYPE = YES_ERROR;
				GCC_WARN_UNDECLARED_SELECTOR = YES;
				GCC_WARN_UNINITIALIZED_AUTOS = YES_AGGRESSIVE;
				GCC_WARN_UNUSED_FUNCTION = YES;
				GCC_WARN_UNUSED_VARIABLE = YES;
				IPHONEOS_DEPLOYMENT_TARGET = 16.1;
				MTL_ENABLE_DEBUG_INFO = NO;
				MTL_FAST_MATH = YES;
				SDKROOT = iphoneos;
				SWIFT_COMPILATION_MODE = wholemodule;
				SWIFT_OPTIMIZATION_LEVEL = "-O";
				VALIDATE_PRODUCT = YES;
			};
			name = Release;
		};
		9AFAFEDB2925EA3E001C378F /* Debug */ = {
			isa = XCBuildConfiguration;
			baseConfigurationReference = 604C17EA1F3D61CA6C9347FF /* Pods-spaceXSwiftUI.debug.xcconfig */;
			buildSettings = {
				ASSETCATALOG_COMPILER_APPICON_NAME = AppIcon;
				ASSETCATALOG_COMPILER_GLOBAL_ACCENT_COLOR_NAME = AccentColor;
				CODE_SIGN_STYLE = Automatic;
				CURRENT_PROJECT_VERSION = 1;
				DEVELOPMENT_ASSET_PATHS = "\"spaceXSwiftUI/App/Preview Content\"";
				DEVELOPMENT_TEAM = 346WCS8T7J;
				ENABLE_PREVIEWS = YES;
				GENERATE_INFOPLIST_FILE = YES;
				INFOPLIST_KEY_CFBundleDisplayName = "spaceX 2.0";
				INFOPLIST_KEY_UIApplicationSceneManifest_Generation = YES;
				INFOPLIST_KEY_UIApplicationSupportsIndirectInputEvents = YES;
				INFOPLIST_KEY_UILaunchScreen_Generation = YES;
				INFOPLIST_KEY_UISupportedInterfaceOrientations_iPad = "UIInterfaceOrientationPortrait UIInterfaceOrientationPortraitUpsideDown UIInterfaceOrientationLandscapeLeft UIInterfaceOrientationLandscapeRight";
				INFOPLIST_KEY_UISupportedInterfaceOrientations_iPhone = "UIInterfaceOrientationPortrait UIInterfaceOrientationLandscapeLeft UIInterfaceOrientationLandscapeRight";
				IPHONEOS_DEPLOYMENT_TARGET = 15.0;
				LD_RUNPATH_SEARCH_PATHS = (
					"$(inherited)",
					"@executable_path/Frameworks",
				);
				MARKETING_VERSION = 1.0;
				PRODUCT_BUNDLE_IDENTIFIER = com.ycl.spaceXSwiftUI;
				PRODUCT_NAME = "$(TARGET_NAME)";
				SWIFT_EMIT_LOC_STRINGS = YES;
				SWIFT_VERSION = 5.0;
				TARGETED_DEVICE_FAMILY = "1,2";
			};
			name = Debug;
		};
		9AFAFEDC2925EA3E001C378F /* Release */ = {
			isa = XCBuildConfiguration;
			baseConfigurationReference = BAE3CD80FF8031DFBDB9EA72 /* Pods-spaceXSwiftUI.release.xcconfig */;
			buildSettings = {
				ASSETCATALOG_COMPILER_APPICON_NAME = AppIcon;
				ASSETCATALOG_COMPILER_GLOBAL_ACCENT_COLOR_NAME = AccentColor;
				CODE_SIGN_STYLE = Automatic;
				CURRENT_PROJECT_VERSION = 1;
				DEVELOPMENT_ASSET_PATHS = "\"spaceXSwiftUI/App/Preview Content\"";
				DEVELOPMENT_TEAM = 346WCS8T7J;
				ENABLE_PREVIEWS = YES;
				GENERATE_INFOPLIST_FILE = YES;
				INFOPLIST_KEY_CFBundleDisplayName = "spaceX 2.0";
				INFOPLIST_KEY_UIApplicationSceneManifest_Generation = YES;
				INFOPLIST_KEY_UIApplicationSupportsIndirectInputEvents = YES;
				INFOPLIST_KEY_UILaunchScreen_Generation = YES;
				INFOPLIST_KEY_UISupportedInterfaceOrientations_iPad = "UIInterfaceOrientationPortrait UIInterfaceOrientationPortraitUpsideDown UIInterfaceOrientationLandscapeLeft UIInterfaceOrientationLandscapeRight";
				INFOPLIST_KEY_UISupportedInterfaceOrientations_iPhone = "UIInterfaceOrientationPortrait UIInterfaceOrientationLandscapeLeft UIInterfaceOrientationLandscapeRight";
				IPHONEOS_DEPLOYMENT_TARGET = 15.0;
				LD_RUNPATH_SEARCH_PATHS = (
					"$(inherited)",
					"@executable_path/Frameworks",
				);
				MARKETING_VERSION = 1.0;
				PRODUCT_BUNDLE_IDENTIFIER = com.ycl.spaceXSwiftUI;
				PRODUCT_NAME = "$(TARGET_NAME)";
				SWIFT_EMIT_LOC_STRINGS = YES;
				SWIFT_VERSION = 5.0;
				TARGETED_DEVICE_FAMILY = "1,2";
			};
			name = Release;
		};
/* End XCBuildConfiguration section */

/* Begin XCConfigurationList section */
		9AFAFEC72925EA39001C378F /* Build configuration list for PBXProject "spaceXSwiftUI" */ = {
			isa = XCConfigurationList;
			buildConfigurations = (
				9AFAFED82925EA3E001C378F /* Debug */,
				9AFAFED92925EA3E001C378F /* Release */,
			);
			defaultConfigurationIsVisible = 0;
			defaultConfigurationName = Release;
		};
		9AFAFEDA2925EA3E001C378F /* Build configuration list for PBXNativeTarget "spaceXSwiftUI" */ = {
			isa = XCConfigurationList;
			buildConfigurations = (
				9AFAFEDB2925EA3E001C378F /* Debug */,
				9AFAFEDC2925EA3E001C378F /* Release */,
			);
			defaultConfigurationIsVisible = 0;
			defaultConfigurationName = Release;
		};
/* End XCConfigurationList section */
	};
	rootObject = 9AFAFEC42925EA39001C378F /* Project object */;
}
